
Microsoft Visual Studio Solution File, Format Version 12.00
# Visual Studio 2012
Project("{FAE04EC0-301F-11D3-BF4B-00C04F79EFBC}") = "SecureQuickResponseLogin", "SecureQuickResponseLogin\SecureQuickResponseLogin.csproj", "{FF0F7AE2-B9AE-442E-9B4F-04C5DC1A184D}"
EndProject
Project("{FAE04EC0-301F-11D3-BF4B-00C04F79EFBC}") = "SecureQuickResponseLogin.Tests", "SecureQuickResponseLogin.Tests\SecureQuickResponseLogin.Tests.csproj", "{A2E1EAC3-14CC-4788-A01A-017878BB0D05}"
EndProject
Project("{FAE04EC0-301F-11D3-BF4B-00C04F79EFBC}") = "SecureQuickResponseLogin.Sample", "SecureQuickResponseLogin.Sample\SecureQuickResponseLogin.Sample.csproj", "{D356CABD-21D5-49F1-88A7-8FEF1F04510C}"
EndProject
Global
	GlobalSection(SolutionConfigurationPlatforms) = preSolution
		Debug|Any CPU = Debug|Any CPU
		Release|Any CPU = Release|Any CPU
	EndGlobalSection
	GlobalSection(ProjectConfigurationPlatforms) = postSolution
		{FF0F7AE2-B9AE-442E-9B4F-04C5DC1A184D}.Debug|Any CPU.ActiveCfg = Debug|Any CPU
		{FF0F7AE2-B9AE-442E-9B4F-04C5DC1A184D}.Debug|Any CPU.Build.0 = Debug|Any CPU
		{FF0F7AE2-B9AE-442E-9B4F-04C5DC1A184D}.Release|Any CPU.ActiveCfg = Release|Any CPU
		{FF0F7AE2-B9AE-442E-9B4F-04C5DC1A184D}.Release|Any CPU.Build.0 = Release|Any CPU
		{A2E1EAC3-14CC-4788-A01A-017878BB0D05}.Debug|Any CPU.ActiveCfg = Debug|Any CPU
		{A2E1EAC3-14CC-4788-A01A-017878BB0D05}.Debug|Any CPU.Build.0 = Debug|Any CPU
		{A2E1EAC3-14CC-4788-A01A-017878BB0D05}.Release|Any CPU.ActiveCfg = Release|Any CPU
		{A2E1EAC3-14CC-4788-A01A-017878BB0D05}.Release|Any CPU.Build.0 = Release|Any CPU
		{D356CABD-21D5-49F1-88A7-8FEF1F04510C}.Debug|Any CPU.ActiveCfg = Debug|Any CPU
		{D356CABD-21D5-49F1-88A7-8FEF1F04510C}.Debug|Any CPU.Build.0 = Debug|Any CPU
		{D356CABD-21D5-49F1-88A7-8FEF1F04510C}.Release|Any CPU.ActiveCfg = Release|Any CPU
		{D356CABD-21D5-49F1-88A7-8FEF1F04510C}.Release|Any CPU.Build.0 = Release|Any CPU
	EndGlobalSection
	GlobalSection(SolutionProperties) = preSolution
		HideSolutionNode = FALSE
	EndGlobalSection
EndGlobal
